
Microsoft Visual Studio Solution File, Format Version 12.00
# Visual Studio Version 17
VisualStudioVersion = 17.14.36127.28
MinimumVisualStudioVersion = 10.0.40219.1
Project("{FAE04EC0-301F-11D3-BF4B-00C04F79EFBC}") = "WpfApp", "WpfTelemetryMonitor\src\WpfApp\WpfApp.csproj", "{FD74E5CC-DA4E-4F75-BBDB-E776B035A163}"
EndProject
Project("{2150E333-8FDC-42A3-9474-1A3956D46DE8}") = "ソリューション項目", "ソリューション項目", "{2022CB0F-8BAF-F49E-0C48-8EF4C96EC109}"
	ProjectSection(SolutionItems) = preProject
		.gitignore = .gitignore
	EndProjectSection
EndProject
Project("{FAE04EC0-301F-11D3-BF4B-00C04F79EFBC}") = "WpfApp.Tests", "WpfApp.Tests\WpfApp.Tests.csproj", "{19ACCC2A-25A8-4814-AA74-0514AED73A71}"
EndProject
Global
	GlobalSection(SolutionConfigurationPlatforms) = preSolution
		Debug|Any CPU = Debug|Any CPU
		Release|Any CPU = Release|Any CPU
	EndGlobalSection
	GlobalSection(ProjectConfigurationPlatforms) = postSolution
		{FD74E5CC-DA4E-4F75-BBDB-E776B035A163}.Debug|Any CPU.ActiveCfg = Debug|Any CPU
		{FD74E5CC-DA4E-4F75-BBDB-E776B035A163}.Debug|Any CPU.Build.0 = Debug|Any CPU
		{FD74E5CC-DA4E-4F75-BBDB-E776B035A163}.Release|Any CPU.ActiveCfg = Release|Any CPU
		{FD74E5CC-DA4E-4F75-BBDB-E776B035A163}.Release|Any CPU.Build.0 = Release|Any CPU
		{19ACCC2A-25A8-4814-AA74-0514AED73A71}.Debug|Any CPU.ActiveCfg = Debug|Any CPU
		{19ACCC2A-25A8-4814-AA74-0514AED73A71}.Debug|Any CPU.Build.0 = Debug|Any CPU
		{19ACCC2A-25A8-4814-AA74-0514AED73A71}.Release|Any CPU.ActiveCfg = Release|Any CPU
		{19ACCC2A-25A8-4814-AA74-0514AED73A71}.Release|Any CPU.Build.0 = Release|Any CPU
	EndGlobalSection
	GlobalSection(SolutionProperties) = preSolution
		HideSolutionNode = FALSE
	EndGlobalSection
	GlobalSection(ExtensibilityGlobals) = postSolution
		SolutionGuid = {8583E317-A697-4838-96E4-0588040B24AB}
	EndGlobalSection
EndGlobal
